{
  "name": "sublime-glint",
  "version": "0.1.0",
  "lockfileVersion": 3,
  "requires": true,
  "packages": {
    "": {
      "name": "sublime-glint",
      "version": "0.1.0",
      "dependencies": {
        "@glint/ember-tsc": "^1.11.4",
        "@glint/tsserver-plugin": "^2.7.7",
        "typescript": "^6.0.3"
      }
    },
    "node_modules/@emnapi/core": {
      "version": "1.10.0",
      "resolved": "https://registry.npmjs.org/@emnapi/core/-/core-1.10.0.tgz",
      "integrity": "sha512-yq6OkJ4p82CAfPl0u9mQebQHKPJkY7WrIuk205cTYnYe+k2Z8YBh11FrbRG/H6ihirqcacOgl2BIO8oyMQLeXw==",
      "license": "MIT",
      "optional": true,
      "dependencies": {
        "@emnapi/wasi-threads": "1.2.1",
        "tslib": "^2.4.0"
      }
    },
    "node_modules/@emnapi/runtime": {
      "version": "1.10.0",
      "resolved": "https://registry.npmjs.org/@emnapi/runtime/-/runtime-1.10.0.tgz",
      "integrity": "sha512-ewvYlk86xUoGI0zQRNq/mC+16R1QeDlKQy21Ki3oSYXNgLb45GV1P6A0M+/s6nyCuNDqe5VpaY84BzXGwVbwFA==",
      "license": "MIT",
      "optional": true,
      "dependencies": {
        "tslib": "^2.4.0"
      }
    },
    "node_modules/@emnapi/wasi-threads": {
      "version": "1.2.1",
      "resolved": "https://registry.npmjs.org/@emnapi/wasi-threads/-/wasi-threads-1.2.1.tgz",
      "integrity": "sha512-uTII7OYF+/Mes/MrcIOYp5yOtSMLBWSIoLPpcgwipoiKbli6k322tcoFsxoIIxPDqW01SQGAgko4EzZi2BNv2w==",
      "license": "MIT",
      "optional": true,
      "dependencies": {
        "tslib": "^2.4.0"
      }
    },
    "node_modules/@glimmer/env": {
      "version": "0.1.7",
      "resolved": "https://registry.npmjs.org/@glimmer/env/-/env-0.1.7.tgz",
      "integrity": "sha512-JKF/a9I9jw6fGoz8kA7LEQslrwJ5jms5CXhu/aqkBWk+PmZ6pTl8mlb/eJ/5ujBGTiQzBhy5AIWF712iA+4/mw==",
      "license": "MIT"
    },
    "node_modules/@glimmer/interfaces": {
      "version": "0.94.6",
      "resolved": "https://registry.npmjs.org/@glimmer/interfaces/-/interfaces-0.94.6.tgz",
      "integrity": "sha512-sp/1WePvB/8O+jrcUHwjboNPTKrdGicuHKA9T/lh0vkYK2qM5Xz4i25lQMQ38tEMiw7KixrjHiTUiaXRld+IwA==",
      "license": "MIT",
      "dependencies": {
        "@simple-dom/interface": "^1.4.0",
        "type-fest": "^4.35.0"
      }
    },
    "node_modules/@glimmer/syntax": {
      "version": "0.95.0",
      "resolved": "https://registry.npmjs.org/@glimmer/syntax/-/syntax-0.95.0.tgz",
      "integrity": "sha512-W/PHdODnpONsXjbbdY9nedgIHpglMfOzncf/moLVrKIcCfeQhw2vG07Rs/YW8KeJCgJRCLkQsi+Ix7XvrurGAg==",
      "license": "MIT",
      "dependencies": {
        "@glimmer/interfaces": "0.94.6",
        "@glimmer/util": "0.94.8",
        "@glimmer/wire-format": "0.94.8",
        "@handlebars/parser": "~2.2.0",
        "simple-html-tokenizer": "^0.5.11"
      }
    },
    "node_modules/@glimmer/util": {
      "version": "0.94.8",
      "resolved": "https://registry.npmjs.org/@glimmer/util/-/util-0.94.8.tgz",
      "integrity": "sha512-HfCKeZ74clF9BsPDBOqK/yRNa/ke6niXFPM6zRn9OVYw+ZAidLs7V8He/xljUHlLRL322kaZZY8XxRW7ALEwyg==",
      "license": "MIT",
      "dependencies": {
        "@glimmer/interfaces": "0.94.6"
      }
    },
    "node_modules/@glimmer/wire-format": {
      "version": "0.94.8",
      "resolved": "https://registry.npmjs.org/@glimmer/wire-format/-/wire-format-0.94.8.tgz",
      "integrity": "sha512-A+Cp5m6vZMAEu0Kg/YwU2dJZXyYxVJs2zI57d3CP6NctmX7FsT8WjViiRUmt5abVmMmRH5b8BUovqY6GSMAdrw==",
      "license": "MIT",
      "dependencies": {
        "@glimmer/interfaces": "0.94.6"
      }
    },
    "node_modules/@glint/ember-tsc": {
      "version": "1.11.4",
      "resolved": "https://registry.npmjs.org/@glint/ember-tsc/-/ember-tsc-1.11.4.tgz",
      "integrity": "sha512-7lFRjaA+hv+G1usoP1IYdpcmxtNvm7uhhKjIpyuXaZG/J7kS3WaOUTvDXwL5y1dXQWqLgt/5Q54Q3Pgw1m/h8w==",
      "license": "MIT",
      "dependencies": {
        "@glimmer/syntax": "^0.95.0",
        "@glint/template": "1.9.0",
        "@volar/kit": "~2.4.28",
        "@volar/language-core": "~2.4.28",
        "@volar/language-server": "~2.4.28",
        "@volar/language-service": "~2.4.28",
        "@volar/source-map": "~2.4.28",
        "@volar/test-utils": "~2.4.28",
        "@volar/typescript": "~2.4.28",
        "content-tag": "^4.2.0",
        "ember-estree": "^0.8.0",
        "silent-error": "^1.1.1",
        "volar-service-html": "~0.0.71",
        "volar-service-typescript": "~0.0.71",
        "vscode-languageserver-protocol": "^3.17.5",
        "vscode-languageserver-textdocument": "^1.0.12",
        "vscode-uri": "^3.1.0"
      },
      "bin": {
        "ember-tsc": "bin/ember-tsc.js",
        "glint-language-server": "bin/glint-language-server.js"
      },
      "peerDependencies": {
        "ember-source": ">=3.28.0",
        "typescript": ">=5.6.0"
      },
      "peerDependenciesMeta": {
        "ember-source": {
          "optional": true
        }
      }
    },
    "node_modules/@glint/template": {
      "version": "1.9.0",
      "resolved": "https://registry.npmjs.org/@glint/template/-/template-1.9.0.tgz",
      "integrity": "sha512-AoLE/VeDcCI3vroIwP3uTjc33+44JYJbARbswRxe8/Jz7P+dWlhO+ycmigsT2WdVI051+HF9jZLsSwUXv0JxwQ==",
      "license": "MIT"
    },
    "node_modules/@glint/tsserver-plugin": {
      "version": "2.7.7",
      "resolved": "https://registry.npmjs.org/@glint/tsserver-plugin/-/tsserver-plugin-2.7.7.tgz",
      "integrity": "sha512-jLRv2/n83wz+YUfpRab6+Wl6Fqy2NQimiKF0piGCROFTscu0rROdzPT+H3W3KElMiX/cY/vqxINe6gLR/5ilqA==",
      "license": "MIT",
      "dependencies": {
        "@glint/ember-tsc": "1.11.4",
        "@volar/language-core": "~2.4.28",
        "@volar/typescript": "~2.4.28",
        "jiti": "~2.7.0",
        "typescript": "^5.9.3"
      }
    },
    "node_modules/@glint/tsserver-plugin/node_modules/typescript": {
      "version": "5.9.3",
      "resolved": "https://registry.npmjs.org/typescript/-/typescript-5.9.3.tgz",
      "integrity": "sha512-jl1vZzPDinLr9eUt3J/t7V6FgNEw9QjvBPdysz9KfQDD41fQrC2Y4vKQdiaUpFT4bXlb1RHhLpp8wtm6M5TgSw==",
      "license": "Apache-2.0",
      "bin": {
        "tsc": "bin/tsc",
        "tsserver": "bin/tsserver"
      },
      "engines": {
        "node": ">=14.17"
      }
    },
    "node_modules/@handlebars/parser": {
      "version": "2.2.2",
      "resolved": "https://registry.npmjs.org/@handlebars/parser/-/parser-2.2.2.tgz",
      "integrity": "sha512-n/SZW+12rwikx/f8YcSv9JCi5p9vn1Bnts9ZtVvfErG4h0gbjHI1H1ZMhVUnaOC7yzFc6PtsCKIK8XeTnL90Gw==",
      "license": "ISC",
      "engines": {
        "node": "^18 || ^20 || ^22 || >=24"
      }
    },
    "node_modules/@napi-rs/wasm-runtime": {
      "version": "1.2.3",
      "resolved": "https://registry.npmjs.org/@napi-rs/wasm-runtime/-/wasm-runtime-1.2.3.tgz",
      "integrity": "sha512-UMduMbqO5s5zF2NkNacMT/yK5Y5QiKvWr2+50bzIIxFDwVJ2h49b+oyjaCGPhJxd2/gC2x39EHv/gHVuu36x2Q==",
      "license": "MIT",
      "optional": true,
      "dependencies": {
        "@tybys/wasm-util": "^0.10.3"
      },
      "engines": {
        "node": "^20.19.0 || ^22.13.0 || >=23.5.0"
      },
      "funding": {
        "type": "github",
        "url": "https://github.com/sponsors/Brooooooklyn"
      },
      "peerDependencies": {
        "@emnapi/core": "^1.7.1 || ^2.0.0-alpha.4",
        "@emnapi/runtime": "^1.7.1 || ^2.0.0-alpha.4"
      }
    },
    "node_modules/@oxc-parser/binding-android-arm-eabi": {
      "version": "0.130.0",
      "resolved": "https://registry.npmjs.org/@oxc-parser/binding-android-arm-eabi/-/binding-android-arm-eabi-0.130.0.tgz",
      "integrity": "sha512-h/xYU8/7ADWzVSf5I+YalLpj33LOy9CI/zgbJNIZ5eunRBG+Czqa3lZsvuPHHf3rOt6z1c5+UzoxjbAzAvhwVw==",
      "cpu": [
        "arm"
      ],
      "license": "MIT",
      "optional": true,
      "os": [
        "android"
      ],
      "engines": {
        "node": "^20.19.0 || >=22.12.0"
      }
    },
    "node_modules/@oxc-parser/binding-android-arm64": {
      "version": "0.130.0",
      "resolved": "https://registry.npmjs.org/@oxc-parser/binding-android-arm64/-/binding-android-arm64-0.130.0.tgz",
      "integrity": "sha512-oFWFJrsGv9siFM4HjMqKNB7IuIZD/SMmZdCXl8xyx7lDplGvPKyewpOo272rSWgMXe2Wx7bWI0Yj+gkHv4qbeg==",
      "cpu": [
        "arm64"
      ],
      "license": "MIT",
      "optional": true,
      "os": [
        "android"
      ],
      "engines": {
        "node": "^20.19.0 || >=22.12.0"
      }
    },
    "node_modules/@oxc-parser/binding-darwin-arm64": {
      "version": "0.130.0",
      "resolved": "https://registry.npmjs.org/@oxc-parser/binding-darwin-arm64/-/binding-darwin-arm64-0.130.0.tgz",
      "integrity": "sha512-sGUzupdTplK9jQg7eJZ878HfEgQjJNBc6dAYVWJ9W5aU+J8rLfRJhTVsKThiu1pNwm6Y1qKCcbC6WhNWSXR3Ig==",
      "cpu": [
        "arm64"
      ],
      "license": "MIT",
      "optional": true,
      "os": [
        "darwin"
      ],
      "engines": {
        "node": "^20.19.0 || >=22.12.0"
      }
    },
    "node_modules/@oxc-parser/binding-darwin-x64": {
      "version": "0.130.0",
      "resolved": "https://registry.npmjs.org/@oxc-parser/binding-darwin-x64/-/binding-darwin-x64-0.130.0.tgz",
      "integrity": "sha512-PsB4cdCISbC00Uy8eiD8bc2AkGWjZqrSrJnkBFuG2ptrrf6mZ2F5gLFSjOAVMMgZPg8B1D7OydJwLWSfyI2Plg==",
      "cpu": [
        "x64"
      ],
      "license": "MIT",
      "optional": true,
      "os": [
        "darwin"
      ],
      "engines": {
        "node": "^20.19.0 || >=22.12.0"
      }
    },
    "node_modules/@oxc-parser/binding-freebsd-x64": {
      "version": "0.130.0",
      "resolved": "https://registry.npmjs.org/@oxc-parser/binding-freebsd-x64/-/binding-freebsd-x64-0.130.0.tgz",
      "integrity": "sha512-DgABp3l38hS77JbXCV4qk1+n6DPym5u8zzwuweokezm2tX194nDSJDENbDRECxVsiNbprKATLbk+Z5wlHT0OHw==",
      "cpu": [
        "x64"
      ],
      "license": "MIT",
      "optional": true,
      "os": [
        "freebsd"
      ],
      "engines": {
        "node": "^20.19.0 || >=22.12.0"
      }
    },
    "node_modules/@oxc-parser/binding-linux-arm-gnueabihf": {
      "version": "0.130.0",
      "resolved": "https://registry.npmjs.org/@oxc-parser/binding-linux-arm-gnueabihf/-/binding-linux-arm-gnueabihf-0.130.0.tgz",
      "integrity": "sha512-4Kn3CTEmwFrzhTSC/JuUW16qovmaMdX7jeSKbL8w0pLtLww7To1a2XJi9Z5uD8QWUkfUHhqfV+VD6dVzBnWzoA==",
      "cpu": [
        "arm"
      ],
      "license": "MIT",
      "optional": true,
      "os": [
        "linux"
      ],
      "engines": {
        "node": "^20.19.0 || >=22.12.0"
      }
    },
    "node_modules/@oxc-parser/binding-linux-arm-musleabihf": {
      "version": "0.130.0",
      "resolved": "https://registry.npmjs.org/@oxc-parser/binding-linux-arm-musleabihf/-/binding-linux-arm-musleabihf-0.130.0.tgz",
      "integrity": "sha512-D35KZM3F4rRu1uAFKyBlg3Gaf/ybCjyaPR1hfgvk5ex8NtcTmRgc0JgSighEyNg96TPrFhemFba68SZuxaha8w==",
      "cpu": [
        "arm"
      ],
      "license": "MIT",
      "optional": true,
      "os": [
        "linux"
      ],
      "engines": {
        "node": "^20.19.0 || >=22.12.0"
      }
    },
    "node_modules/@oxc-parser/binding-linux-arm64-gnu": {
      "version": "0.130.0",
      "resolved": "https://registry.npmjs.org/@oxc-parser/binding-linux-arm64-gnu/-/binding-linux-arm64-gnu-0.130.0.tgz",
      "integrity": "sha512-Q9o7oVlo955KHwS8l1u0bCzIx+JsZUA3XToLXC+MsMhye/9LeBQbt84nh120cl2XLy+TEzvugYDiHShg5yaX6Q==",
      "cpu": [
        "arm64"
      ],
      "libc": [
        "glibc"
      ],
      "license": "MIT",
      "optional": true,
      "os": [
        "linux"
      ],
      "engines": {
        "node": "^20.19.0 || >=22.12.0"
      }
    },
    "node_modules/@oxc-parser/binding-linux-arm64-musl": {
      "version": "0.130.0",
      "resolved": "https://registry.npmjs.org/@oxc-parser/binding-linux-arm64-musl/-/binding-linux-arm64-musl-0.130.0.tgz",
      "integrity": "sha512-EiJ/gC0ljbcwVpycC8YWw6ggMbtsPX8XMOt0mPx0aqWeMsNR+L9m05Flbvd5T+GlivG+GkSWQL7tM9SRFpM/dw==",
      "cpu": [
        "arm64"
      ],
      "libc": [
        "musl"
      ],
      "license": "MIT",
      "optional": true,
      "os": [
        "linux"
      ],
      "engines": {
        "node": "^20.19.0 || >=22.12.0"
      }
    },
    "node_modules/@oxc-parser/binding-linux-ppc64-gnu": {
      "version": "0.130.0",
      "resolved": "https://registry.npmjs.org/@oxc-parser/binding-linux-ppc64-gnu/-/binding-linux-ppc64-gnu-0.130.0.tgz",
      "integrity": "sha512-b+h/lsLLurp756dMGizNs5uPaJfyEdWrTcV5t8M609jWm1DEHB1StpRXCkyvwtkJx3m+qL5BNQ0dEKan/4yGFA==",
      "cpu": [
        "ppc64"
      ],
      "libc": [
        "glibc"
      ],
      "license": "MIT",
      "optional": true,
      "os": [
        "linux"
      ],
      "engines": {
        "node": "^20.19.0 || >=22.12.0"
      }
    },
    "node_modules/@oxc-parser/binding-linux-riscv64-gnu": {
      "version": "0.130.0",
      "resolved": "https://registry.npmjs.org/@oxc-parser/binding-linux-riscv64-gnu/-/binding-linux-riscv64-gnu-0.130.0.tgz",
      "integrity": "sha512-O19Cil83XAyjEFfo8WhkMwY58ALqZ7ckjGL+25mjMIuF84urWBeANH0FC8B8BsSSygWU3/1aY3ADdDbp+wlBnw==",
      "cpu": [
        "riscv64"
      ],
      "libc": [
        "glibc"
      ],
      "license": "MIT",
      "optional": true,
      "os": [
        "linux"
      ],
      "engines": {
        "node": "^20.19.0 || >=22.12.0"
      }
    },
    "node_modules/@oxc-parser/binding-linux-riscv64-musl": {
      "version": "0.130.0",
      "resolved": "https://registry.npmjs.org/@oxc-parser/binding-linux-riscv64-musl/-/binding-linux-riscv64-musl-0.130.0.tgz",
      "integrity": "sha512-BgXRVC0+83n3YzCscLQjj6nbyeBIVeZYPTI4fFMAE4WNm2+4RXhWp03IVizL7esIz36kgmT48aebk1iM+cs8sw==",
      "cpu": [
        "riscv64"
      ],
      "libc": [
        "musl"
      ],
      "license": "MIT",
      "optional": true,
      "os": [
        "linux"
      ],
      "engines": {
        "node": "^20.19.0 || >=22.12.0"
      }
    },
    "node_modules/@oxc-parser/binding-linux-s390x-gnu": {
      "version": "0.130.0",
      "resolved": "https://registry.npmjs.org/@oxc-parser/binding-linux-s390x-gnu/-/binding-linux-s390x-gnu-0.130.0.tgz",
      "integrity": "sha512-6tJz0xvnGhsokE7N1WlUSBXibpYmT9xSJFS1Ce41Km/+8gQvdlW8MLhRv8PD0L7ix8vRG0FDDepp3jdOFzdVdw==",
      "cpu": [
        "s390x"
      ],
      "libc": [
        "glibc"
      ],
      "license": "MIT",
      "optional": true,
      "os": [
        "linux"
      ],
      "engines": {
        "node": "^20.19.0 || >=22.12.0"
      }
    },
    "node_modules/@oxc-parser/binding-linux-x64-gnu": {
      "version": "0.130.0",
      "resolved": "https://registry.npmjs.org/@oxc-parser/binding-linux-x64-gnu/-/binding-linux-x64-gnu-0.130.0.tgz",
      "integrity": "sha512-9aCWj83dp3heTQGmGnZGdIWgxjZrr/7VQ0TGFHH5PKByxJKF2Hcr4qvaSUHhhGEa3MSsDjTL1YDP8RAgdL5/Cg==",
      "cpu": [
        "x64"
      ],
      "libc": [
        "glibc"
      ],
      "license": "MIT",
      "optional": true,
      "os": [
        "linux"
      ],
      "engines": {
        "node": "^20.19.0 || >=22.12.0"
      }
    },
    "node_modules/@oxc-parser/binding-linux-x64-musl": {
      "version": "0.130.0",
      "resolved": "https://registry.npmjs.org/@oxc-parser/binding-linux-x64-musl/-/binding-linux-x64-musl-0.130.0.tgz",
      "integrity": "sha512-afXt87aZBqrUVli8TB/I8H1G50RDWcwirjWtXGXYqJ2ZqWEiErH7V72j3LUSDZaivmtu2OLX0KQ/mbhP81mr7A==",
      "cpu": [
        "x64"
      ],
      "libc": [
        "musl"
      ],
      "license": "MIT",
      "optional": true,
      "os": [
        "linux"
      ],
      "engines": {
        "node": "^20.19.0 || >=22.12.0"
      }
    },
    "node_modules/@oxc-parser/binding-openharmony-arm64": {
      "version": "0.130.0",
      "resolved": "https://registry.npmjs.org/@oxc-parser/binding-openharmony-arm64/-/binding-openharmony-arm64-0.130.0.tgz",
      "integrity": "sha512-I0NCrZV/YZuCGWgqwNN/GO/iXlLF2z+Wgc7u+Aa9N4P51oYeIa0XT+zVBUne4csO9GqxskXgI4g8JzzWGRpfOw==",
      "cpu": [
        "arm64"
      ],
      "license": "MIT",
      "optional": true,
      "os": [
        "openharmony"
      ],
      "engines": {
        "node": "^20.19.0 || >=22.12.0"
      }
    },
    "node_modules/@oxc-parser/binding-wasm32-wasi": {
      "version": "0.130.0",
      "resolved": "https://registry.npmjs.org/@oxc-parser/binding-wasm32-wasi/-/binding-wasm32-wasi-0.130.0.tgz",
      "integrity": "sha512-sJgQkGaBX0WJvPUDfwciex6IcTk5O5NLQ1bhEb6f3nBruh1GshKMRSMt2bxZlYrgBzjyBbJzsnO+InPG0bg+fA==",
      "cpu": [
        "wasm32"
      ],
      "license": "MIT",
      "optional": true,
      "dependencies": {
        "@emnapi/core": "1.10.0",
        "@emnapi/runtime": "1.10.0",
        "@napi-rs/wasm-runtime": "^1.1.4"
      },
      "engines": {
        "node": "^20.19.0 || >=22.12.0"
      }
    },
    "node_modules/@oxc-parser/binding-win32-arm64-msvc": {
      "version": "0.130.0",
      "resolved": "https://registry.npmjs.org/@oxc-parser/binding-win32-arm64-msvc/-/binding-win32-arm64-msvc-0.130.0.tgz",
      "integrity": "sha512-bjcma99sQrNh6RY4mPO9yTkfxql6TDFoN3HWdK31RCKXwNhcDgJXW/l8PUtzKNiQ+9vpKJfJtQq+LklBuxSOBA==",
      "cpu": [
        "arm64"
      ],
      "license": "MIT",
      "optional": true,
      "os": [
        "win32"
      ],
      "engines": {
        "node": "^20.19.0 || >=22.12.0"
      }
    },
    "node_modules/@oxc-parser/binding-win32-ia32-msvc": {
      "version": "0.130.0",
      "resolved": "https://registry.npmjs.org/@oxc-parser/binding-win32-ia32-msvc/-/binding-win32-ia32-msvc-0.130.0.tgz",
      "integrity": "sha512-hRYbv6HhpSTzT4xTiIkadLI7upLQxuOdLPR/9nL1fTjwhgutBTPXrwaAPb/jTFVx6/8C7Jb5HcUKhmNwloTbFA==",
      "cpu": [
        "ia32"
      ],
      "license": "MIT",
      "optional": true,
      "os": [
        "win32"
      ],
      "engines": {
        "node": "^20.19.0 || >=22.12.0"
      }
    },
    "node_modules/@oxc-parser/binding-win32-x64-msvc": {
      "version": "0.130.0",
      "resolved": "https://registry.npmjs.org/@oxc-parser/binding-win32-x64-msvc/-/binding-win32-x64-msvc-0.130.0.tgz",
      "integrity": "sha512-RBpA9TsRucJq6HNVNCFF1iKg+QeTkLdZf7hi4xaOGCPvMZWvDHjQgSOEZMUpuW4JNciHbxNhLEYmz5CVygjVGQ==",
      "cpu": [
        "x64"
      ],
      "license": "MIT",
      "optional": true,
      "os": [
        "win32"
      ],
      "engines": {
        "node": "^20.19.0 || >=22.12.0"
      }
    },
    "node_modules/@oxc-project/types": {
      "version": "0.130.0",
      "resolved": "https://registry.npmjs.org/@oxc-project/types/-/types-0.130.0.tgz",
      "integrity": "sha512-ibD2usx9JRu7f5pu2tMKMI4cpA4NgXJQoYRP4pQ7Pxmn1l6k/53qWtQWZayhYy3X4QZkt90Ot+mJEaeXouio6Q==",
      "license": "MIT",
      "funding": {
        "url": "https://github.com/sponsors/Boshen"
      }
    },
    "node_modules/@simple-dom/interface": {
      "version": "1.4.0",
      "resolved": "https://registry.npmjs.org/@simple-dom/interface/-/interface-1.4.0.tgz",
      "integrity": "sha512-l5qumKFWU0S+4ZzMaLXFU8tQZsicHEMEyAxI5kDFGhJsRqDwe0a7/iPA/GdxlGyDKseQQAgIz5kzU7eXTrlSpA==",
      "license": "MIT"
    },
    "node_modules/@tybys/wasm-util": {
      "version": "0.10.3",
      "resolved": "https://registry.npmjs.org/@tybys/wasm-util/-/wasm-util-0.10.3.tgz",
      "integrity": "sha512-F3fo1MYrRJYL3zER0OUOmkutjr1Vp23m7OsSgp7nq4SP6OqX6C/56XFIPAl5bt3zaBRjmW7SGz3u/6LwFpYcOg==",
      "license": "MIT",
      "optional": true,
      "dependencies": {
        "tslib": "^2.4.0"
      }
    },
    "node_modules/@volar/kit": {
      "version": "2.4.28",
      "resolved": "https://registry.npmjs.org/@volar/kit/-/kit-2.4.28.tgz",
      "integrity": "sha512-cKX4vK9dtZvDRaAzeoUdaAJEew6IdxHNCRrdp5Kvcl6zZOqb6jTOfk3kXkIkG3T7oTFXguEMt5+9ptyqYR84Pg==",
      "license": "MIT",
      "dependencies": {
        "@volar/language-service": "2.4.28",
        "@volar/typescript": "2.4.28",
        "typesafe-path": "^0.2.2",
        "vscode-languageserver-textdocument": "^1.0.11",
        "vscode-uri": "^3.0.8"
      },
      "peerDependencies": {
        "typescript": "*"
      }
    },
    "node_modules/@volar/language-core": {
      "version": "2.4.28",
      "resolved": "https://registry.npmjs.org/@volar/language-core/-/language-core-2.4.28.tgz",
      "integrity": "sha512-w4qhIJ8ZSitgLAkVay6AbcnC7gP3glYM3fYwKV3srj8m494E3xtrCv6E+bWviiK/8hs6e6t1ij1s2Endql7vzQ==",
      "license": "MIT",
      "dependencies": {
        "@volar/source-map": "2.4.28"
      }
    },
    "node_modules/@volar/language-server": {
      "version": "2.4.28",
      "resolved": "https://registry.npmjs.org/@volar/language-server/-/language-server-2.4.28.tgz",
      "integrity": "sha512-NqcLnE5gERKuS4PUFwlhMxf6vqYo7hXtbMFbViXcbVkbZ905AIVWhnSo0ZNBC2V127H1/2zP7RvVOVnyITFfBw==",
      "license": "MIT",
      "dependencies": {
        "@volar/language-core": "2.4.28",
        "@volar/language-service": "2.4.28",
        "@volar/typescript": "2.4.28",
        "path-browserify": "^1.0.1",
        "request-light": "^0.7.0",
        "vscode-languageserver": "^9.0.1",
        "vscode-languageserver-protocol": "^3.17.5",
        "vscode-languageserver-textdocument": "^1.0.11",
        "vscode-uri": "^3.0.8"
      }
    },
    "node_modules/@volar/language-service": {
      "version": "2.4.28",
      "resolved": "https://registry.npmjs.org/@volar/language-service/-/language-service-2.4.28.tgz",
      "integrity": "sha512-Rh/wYCZJrI5vCwMk9xyw/Z+MsWxlJY1rmMZPsxUoJKfzIRjS/NF1NmnuEcrMbEVGja00aVpCsInJfixQTMdvLw==",
      "license": "MIT",
      "dependencies": {
        "@volar/language-core": "2.4.28",
        "vscode-languageserver-protocol": "^3.17.5",
        "vscode-languageserver-textdocument": "^1.0.11",
        "vscode-uri": "^3.0.8"
      }
    },
    "node_modules/@volar/source-map": {
      "version": "2.4.28",
      "resolved": "https://registry.npmjs.org/@volar/source-map/-/source-map-2.4.28.tgz",
      "integrity": "sha512-yX2BDBqJkRXfKw8my8VarTyjv48QwxdJtvRgUpNE5erCsgEUdI2DsLbpa+rOQVAJYshY99szEcRDmyHbF10ggQ==",
      "license": "MIT"
    },
    "node_modules/@volar/test-utils": {
      "version": "2.4.28",
      "resolved": "https://registry.npmjs.org/@volar/test-utils/-/test-utils-2.4.28.tgz",
      "integrity": "sha512-N7RNiHHDPtqK5B21x4W462XMQj7Z75ynN3isLP+3Rb44hbJjhxxDxzs+QqWB0sjM57EtTJga+SDd9WWy3OjMzA==",
      "license": "MIT",
      "dependencies": {
        "@volar/language-core": "2.4.28",
        "@volar/language-server": "2.4.28",
        "vscode-languageserver-textdocument": "^1.0.11",
        "vscode-uri": "^3.0.8"
      }
    },
    "node_modules/@volar/typescript": {
      "version": "2.4.28",
      "resolved": "https://registry.npmjs.org/@volar/typescript/-/typescript-2.4.28.tgz",
      "integrity": "sha512-Ja6yvWrbis2QtN4ClAKreeUZPVYMARDYZl9LMEv1iQ1QdepB6wn0jTRxA9MftYmYa4DQ4k/DaSZpFPUfxl8giw==",
      "license": "MIT",
      "dependencies": {
        "@volar/language-core": "2.4.28",
        "path-browserify": "^1.0.1",
        "vscode-uri": "^3.0.8"
      }
    },
    "node_modules/@vscode/l10n": {
      "version": "0.0.18",
      "resolved": "https://registry.npmjs.org/@vscode/l10n/-/l10n-0.0.18.tgz",
      "integrity": "sha512-KYSIHVmslkaCDyw013pphY+d7x1qV8IZupYfeIfzNA+nsaWHbn5uPuQRvdRFsa9zFzGeudPuoGoZ1Op4jrJXIQ==",
      "license": "MIT"
    },
    "node_modules/content-tag": {
      "version": "4.2.0",
      "resolved": "https://registry.npmjs.org/content-tag/-/content-tag-4.2.0.tgz",
      "integrity": "sha512-f/o+F3qSa4gg23I7RWy6cMDxP2nPo99YWusxw2bjne7ZC6Acqqf4uB/+87AekOq1ehTocHH7b7nMd2X4S3NHVw==",
      "license": "MIT"
    },
    "node_modules/debug": {
      "version": "2.6.9",
      "resolved": "https://registry.npmjs.org/debug/-/debug-2.6.9.tgz",
      "integrity": "sha512-bC7ElrdJaJnPbAP+1EotYvqZsb3ecl5wi6Bfi6BJTUcNowp6cvspg0jXznRTKDjm/E7AdgFBVeAPVMNcKGsHMA==",
      "license": "MIT",
      "dependencies": {
        "ms": "2.0.0"
      }
    },
    "node_modules/ember-estree": {
      "version": "0.8.1",
      "resolved": "https://registry.npmjs.org/ember-estree/-/ember-estree-0.8.1.tgz",
      "integrity": "sha512-8gOi6SvtEGJ7njzSfVbzTOB46ryIYNQi9a56QBr0ZvXW676eJslnIet5n3oS6zAiaae0TkxbYForfDekzDUd2A==",
      "license": "MIT",
      "dependencies": {
        "@glimmer/env": "^0.1.7",
        "@glimmer/syntax": "^0.95.0",
        "content-tag": "^4.2.0",
        "oxc-parser": "^0.130.0"
      }
    },
    "node_modules/jiti": {
      "version": "2.7.0",
      "resolved": "https://registry.npmjs.org/jiti/-/jiti-2.7.0.tgz",
      "integrity": "sha512-AC/7JofJvZGrrneWNaEnJeOLUx+JlGt7tNa0wZiRPT4MY1wmfKjt2+6O2p2uz2+skll8OZZmJMNqeke7kKbNgQ==",
      "license": "MIT",
      "bin": {
        "jiti": "lib/jiti-cli.mjs"
      }
    },
    "node_modules/ms": {
      "version": "2.0.0",
      "resolved": "https://registry.npmjs.org/ms/-/ms-2.0.0.tgz",
      "integrity": "sha512-Tpp60P6IUJDTuOq/5Z8cdskzJujfwqfOTkrwIwj7IRISpnkJnT6SyJ4PCPnGMoFjC9ddhal5KVIYtAt97ix05A==",
      "license": "MIT"
    },
    "node_modules/oxc-parser": {
      "version": "0.130.0",
      "resolved": "https://registry.npmjs.org/oxc-parser/-/oxc-parser-0.130.0.tgz",
      "integrity": "sha512-X0PJ+NmOok8qP3vK9uaW431ngkdM9UPEK7KG466urtIL2+EYTEgbZK2yqe2MWKJKBjRlFweP/pJPx0x9muMEVw==",
      "license": "MIT",
      "dependencies": {
        "@oxc-project/types": "^0.130.0"
      },
      "engines": {
        "node": "^20.19.0 || >=22.12.0"
      },
      "funding": {
        "url": "https://github.com/sponsors/Boshen"
      },
      "optionalDependencies": {
        "@oxc-parser/binding-android-arm-eabi": "0.130.0",
        "@oxc-parser/binding-android-arm64": "0.130.0",
        "@oxc-parser/binding-darwin-arm64": "0.130.0",
        "@oxc-parser/binding-darwin-x64": "0.130.0",
        "@oxc-parser/binding-freebsd-x64": "0.130.0",
        "@oxc-parser/binding-linux-arm-gnueabihf": "0.130.0",
        "@oxc-parser/binding-linux-arm-musleabihf": "0.130.0",
        "@oxc-parser/binding-linux-arm64-gnu": "0.130.0",
        "@oxc-parser/binding-linux-arm64-musl": "0.130.0",
        "@oxc-parser/binding-linux-ppc64-gnu": "0.130.0",
        "@oxc-parser/binding-linux-riscv64-gnu": "0.130.0",
        "@oxc-parser/binding-linux-riscv64-musl": "0.130.0",
        "@oxc-parser/binding-linux-s390x-gnu": "0.130.0",
        "@oxc-parser/binding-linux-x64-gnu": "0.130.0",
        "@oxc-parser/binding-linux-x64-musl": "0.130.0",
        "@oxc-parser/binding-openharmony-arm64": "0.130.0",
        "@oxc-parser/binding-wasm32-wasi": "0.130.0",
        "@oxc-parser/binding-win32-arm64-msvc": "0.130.0",
        "@oxc-parser/binding-win32-ia32-msvc": "0.130.0",
        "@oxc-parser/binding-win32-x64-msvc": "0.130.0"
      }
    },
    "node_modules/path-browserify": {
      "version": "1.0.1",
      "resolved": "https://registry.npmjs.org/path-browserify/-/path-browserify-1.0.1.tgz",
      "integrity": "sha512-b7uo2UCUOYZcnF/3ID0lulOJi/bafxa1xPe7ZPsammBSpjSWQkjNxlt635YGS2MiR9GjvuXCtz2emr3jbsz98g==",
      "license": "MIT"
    },
    "node_modules/request-light": {
      "version": "0.7.0",
      "resolved": "https://registry.npmjs.org/request-light/-/request-light-0.7.0.tgz",
      "integrity": "sha512-lMbBMrDoxgsyO+yB3sDcrDuX85yYt7sS8BfQd11jtbW/z5ZWgLZRcEGLsLoYw7I0WSUGQBs8CC8ScIxkTX1+6Q==",
      "license": "MIT"
    },
    "node_modules/semver": {
      "version": "7.8.5",
      "resolved": "https://registry.npmjs.org/semver/-/semver-7.8.5.tgz",
      "integrity": "sha512-Y7/KDsb8LjooZpwaqGyulO6DQlksgCncchHGk+sZIY4SBvUocMBEFH5Ur1fI4dV+Jvl0w6cjvucaIi40puRioA==",
      "license": "ISC",
      "bin": {
        "semver": "bin/semver.js"
      },
      "engines": {
        "node": ">=10"
      }
    },
    "node_modules/silent-error": {
      "version": "1.1.1",
      "resolved": "https://registry.npmjs.org/silent-error/-/silent-error-1.1.1.tgz",
      "integrity": "sha512-n4iEKyNcg4v6/jpb3c0/iyH2G1nzUNl7Gpqtn/mHIJK9S/q/7MCfoO4rwVOoO59qPFIc0hVHvMbiOJ0NdtxKKw==",
      "license": "ISC",
      "dependencies": {
        "debug": "^2.2.0"
      }
    },
    "node_modules/simple-html-tokenizer": {
      "version": "0.5.11",
      "resolved": "https://registry.npmjs.org/simple-html-tokenizer/-/simple-html-tokenizer-0.5.11.tgz",
      "integrity": "sha512-C2WEK/Z3HoSFbYq8tI7ni3eOo/NneSPRoPpcM7WdLjFOArFuyXEjAoCdOC3DgMfRyziZQ1hCNR4mrNdWEvD0og==",
      "license": "MIT"
    },
    "node_modules/tslib": {
      "version": "2.8.1",
      "resolved": "https://registry.npmjs.org/tslib/-/tslib-2.8.1.tgz",
      "integrity": "sha512-oJFu94HQb+KVduSUQL7wnpmqnfmLsOA/nAh6b6EH0wCEoK0/mPeXU6c3wKDV83MkOuHPRHtSXKKU99IBazS/2w==",
      "license": "0BSD",
      "optional": true
    },
    "node_modules/type-fest": {
      "version": "4.41.0",
      "resolved": "https://registry.npmjs.org/type-fest/-/type-fest-4.41.0.tgz",
      "integrity": "sha512-TeTSQ6H5YHvpqVwBRcnLDCBnDOHWYu7IvGbHT6N8AOymcr9PJGjc1GTtiWZTYg0NCgYwvnYWEkVChQAr9bjfwA==",
      "license": "(MIT OR CC0-1.0)",
      "engines": {
        "node": ">=16"
      },
      "funding": {
        "url": "https://github.com/sponsors/sindresorhus"
      }
    },
    "node_modules/typesafe-path": {
      "version": "0.2.2",
      "resolved": "https://registry.npmjs.org/typesafe-path/-/typesafe-path-0.2.2.tgz",
      "integrity": "sha512-OJabfkAg1WLZSqJAJ0Z6Sdt3utnbzr/jh+NAHoyWHJe8CMSy79Gm085094M9nvTPy22KzTVn5Zq5mbapCI/hPA==",
      "license": "MIT"
    },
    "node_modules/typescript": {
      "version": "6.0.3",
      "resolved": "https://registry.npmjs.org/typescript/-/typescript-6.0.3.tgz",
      "integrity": "sha512-y2TvuxSZPDyQakkFRPZHKFm+KKVqIisdg9/CZwm9ftvKXLP8NRWj38/ODjNbr43SsoXqNuAisEf1GdCxqWcdBw==",
      "license": "Apache-2.0",
      "bin": {
        "tsc": "bin/tsc",
        "tsserver": "bin/tsserver"
      },
      "engines": {
        "node": ">=14.17"
      }
    },
    "node_modules/typescript-auto-import-cache": {
      "version": "0.3.6",
      "resolved": "https://registry.npmjs.org/typescript-auto-import-cache/-/typescript-auto-import-cache-0.3.6.tgz",
      "integrity": "sha512-RpuHXrknHdVdK7wv/8ug3Fr0WNsNi5l5aB8MYYuXhq2UH5lnEB1htJ1smhtD5VeCsGr2p8mUDtd83LCQDFVgjQ==",
      "license": "MIT",
      "dependencies": {
        "semver": "^7.3.8"
      }
    },
    "node_modules/volar-service-html": {
      "version": "0.0.71",
      "resolved": "https://registry.npmjs.org/volar-service-html/-/volar-service-html-0.0.71.tgz",
      "integrity": "sha512-e8tHPhgQ7ooLfudAEIku+kgd9pWkq3SSz8RbnQDI1+Eb8wbenkLGHqoirLqz5ORLV6wIMr2Iv08RWBG5eOcgpw==",
      "license": "MIT",
      "dependencies": {
        "vscode-html-languageservice": "^5.3.0",
        "vscode-languageserver-textdocument": "^1.0.11",
        "vscode-uri": "^3.0.8"
      },
      "peerDependencies": {
        "@volar/language-service": "~2.4.0"
      },
      "peerDependenciesMeta": {
        "@volar/language-service": {
          "optional": true
        }
      }
    },
    "node_modules/volar-service-typescript": {
      "version": "0.0.71",
      "resolved": "https://registry.npmjs.org/volar-service-typescript/-/volar-service-typescript-0.0.71.tgz",
      "integrity": "sha512-yTtM/BVT6hoyEYnDtaCyAtNhdNeS/mhTTABlBOdw3NNiRBUin3IznFJpgfjer4c6RYopiPjjQjc9VFhxVl1mLw==",
      "license": "MIT",
      "dependencies": {
        "path-browserify": "^1.0.1",
        "semver": "^7.6.2",
        "typescript-auto-import-cache": "^0.3.5",
        "vscode-languageserver-textdocument": "^1.0.11",
        "vscode-nls": "^5.2.0",
        "vscode-uri": "^3.0.8"
      },
      "peerDependencies": {
        "@volar/language-service": "~2.4.0"
      },
      "peerDependenciesMeta": {
        "@volar/language-service": {
          "optional": true
        }
      }
    },
    "node_modules/vscode-html-languageservice": {
      "version": "5.6.2",
      "resolved": "https://registry.npmjs.org/vscode-html-languageservice/-/vscode-html-languageservice-5.6.2.tgz",
      "integrity": "sha512-ulCrSnFnfQ16YzvwnYUgEbUEl/ZG7u2eV27YhvLObSHKkb8fw1Z9cgsnUwjTEeDIdJDoTDTDpxuhQwoenoLNMg==",
      "license": "MIT",
      "dependencies": {
        "@vscode/l10n": "^0.0.18",
        "vscode-languageserver-textdocument": "^1.0.12",
        "vscode-languageserver-types": "^3.17.5",
        "vscode-uri": "^3.1.0"
      }
    },
    "node_modules/vscode-jsonrpc": {
      "version": "9.0.2",
      "resolved": "https://registry.npmjs.org/vscode-jsonrpc/-/vscode-jsonrpc-9.0.2.tgz",
      "integrity": "sha512-SbQSV9yRemARxeXw6LU5sS6Zq0e9/DgCCX5yelH263ZQWukbTk8EF8fjTrr1dziasf4GwlJbvTwFnTrnQFWZXQ==",
      "license": "MIT",
      "engines": {
        "node": ">=14.0.0"
      }
    },
    "node_modules/vscode-languageserver": {
      "version": "9.0.1",
      "resolved": "https://registry.npmjs.org/vscode-languageserver/-/vscode-languageserver-9.0.1.tgz",
      "integrity": "sha512-woByF3PDpkHFUreUa7Hos7+pUWdeWMXRd26+ZX2A8cFx6v/JPTtd4/uN0/jB6XQHYaOlHbio03NTHCqrgG5n7g==",
      "license": "MIT",
      "dependencies": {
        "vscode-languageserver-protocol": "3.17.5"
      },
      "bin": {
        "installServerIntoExtension": "bin/installServerIntoExtension"
      }
    },
    "node_modules/vscode-languageserver-protocol": {
      "version": "3.18.3",
      "resolved": "https://registry.npmjs.org/vscode-languageserver-protocol/-/vscode-languageserver-protocol-3.18.3.tgz",
      "integrity": "sha512-DF49+WeV5py4zO5hhobp60jjsDSK0lAqA0OuKBLBvp423HPWQcCbhZz3JgyfIewsEz2f8U+X75xNIFHdiXZm2w==",
      "license": "MIT",
      "dependencies": {
        "vscode-jsonrpc": "9.0.2",
        "vscode-languageserver-types": "3.18.3"
      }
    },
    "node_modules/vscode-languageserver-textdocument": {
      "version": "1.0.14",
      "resolved": "https://registry.npmjs.org/vscode-languageserver-textdocument/-/vscode-languageserver-textdocument-1.0.14.tgz",
      "integrity": "sha512-EQyqJMi552E4ZTf46izQ4Fj6XquqxCySR3J5ZSD1SisMf6RfpeOWHxGBE8Gr6V0/3GHIGdAzDn8F8+1nTGCnoQ==",
      "license": "MIT"
    },
    "node_modules/vscode-languageserver-types": {
      "version": "3.18.3",
      "resolved": "https://registry.npmjs.org/vscode-languageserver-types/-/vscode-languageserver-types-3.18.3.tgz",
      "integrity": "sha512-XIlzJ7Qp/jzSI1ds7/FwPAWrPeTZA7pAtlW4hdJ1J6xXWJL6dR9QYnDhJOdLzdKhUQ5Mm6mvUMw+3DcOQQasPw==",
      "license": "MIT"
    },
    "node_modules/vscode-languageserver/node_modules/vscode-jsonrpc": {
      "version": "8.2.0",
      "resolved": "https://registry.npmjs.org/vscode-jsonrpc/-/vscode-jsonrpc-8.2.0.tgz",
      "integrity": "sha512-C+r0eKJUIfiDIfwJhria30+TYWPtuHJXHtI7J0YlOmKAo7ogxP20T0zxB7HZQIFhIyvoBPwWskjxrvAtfjyZfA==",
      "license": "MIT",
      "engines": {
        "node": ">=14.0.0"
      }
    },
    "node_modules/vscode-languageserver/node_modules/vscode-languageserver-protocol": {
      "version": "3.17.5",
      "resolved": "https://registry.npmjs.org/vscode-languageserver-protocol/-/vscode-languageserver-protocol-3.17.5.tgz",
      "integrity": "sha512-mb1bvRJN8SVznADSGWM9u/b07H7Ecg0I3OgXDuLdn307rl/J3A9YD6/eYOssqhecL27hK1IPZAsaqh00i/Jljg==",
      "license": "MIT",
      "dependencies": {
        "vscode-jsonrpc": "8.2.0",
        "vscode-languageserver-types": "3.17.5"
      }
    },
    "node_modules/vscode-languageserver/node_modules/vscode-languageserver-types": {
      "version": "3.17.5",
      "resolved": "https://registry.npmjs.org/vscode-languageserver-types/-/vscode-languageserver-types-3.17.5.tgz",
      "integrity": "sha512-Ld1VelNuX9pdF39h2Hgaeb5hEZM2Z3jUrrMgWQAu82jMtZp7p3vJT3BzToKtZI7NgQssZje5o0zryOrhQvzQAg==",
      "license": "MIT"
    },
    "node_modules/vscode-nls": {
      "version": "5.2.0",
      "resolved": "https://registry.npmjs.org/vscode-nls/-/vscode-nls-5.2.0.tgz",
      "integrity": "sha512-RAaHx7B14ZU04EU31pT+rKz2/zSl7xMsfIZuo8pd+KZO6PXtQmpevpq3vxvWNcrGbdmhM/rr5Uw5Mz+NBfhVng==",
      "license": "MIT"
    },
    "node_modules/vscode-uri": {
      "version": "3.2.0",
      "resolved": "https://registry.npmjs.org/vscode-uri/-/vscode-uri-3.2.0.tgz",
      "integrity": "sha512-m2gXo3bn0G1kT9InzMf07fTbqMbGtyckj3bH5ktLO+1Ssv+yiATZ4dhwaQv9UZWxJh6E9IFGnQyjgWVDWVBDrg==",
      "license": "MIT"
    }
  }
}
